
Microsoft Visual Studio Solution File, Format Version 12.00
# Visual Studio 15
VisualStudioVersion = 15.0.27703.2026
MinimumVisualStudioVersion = 10.0.40219.1
Project("{9A19103F-16F7-4668-BE54-9A1E7A4F7556}") = "RazorHtmlEmails.RazorClassLib", "src\RazorHtmlEmails.RazorClassLib\RazorHtmlEmails.RazorClassLib.csproj", "{10A6B480-D0A5-4D62-AED1-4F32FB3E5172}"
EndProject
Project("{9A19103F-16F7-4668-BE54-9A1E7A4F7556}") = "RazorHtmlEmails.Common", "src\RazorHtmlEmails.Common\RazorHtmlEmails.Common.csproj", "{98E82720-7E76-46AB-BCAB-FA9F698B30C8}"
EndProject
Project("{9A19103F-16F7-4668-BE54-9A1E7A4F7556}") = "RazorHtmlEmails.AspNetCore", "src\RazorHtmlEmails.AspNetCore\RazorHtmlEmails.AspNetCore.csproj", "{A20068DA-F318-4DB2-B991-7E1D3324E78F}"
EndProject
Global
	GlobalSection(SolutionConfigurationPlatforms) = preSolution
		Debug|Any CPU = Debug|Any CPU
		Release|Any CPU = Release|Any CPU
	EndGlobalSection
	GlobalSection(ProjectConfigurationPlatforms) = postSolution
		{10A6B480-D0A5-4D62-AED1-4F32FB3E5172}.Debug|Any CPU.ActiveCfg = Debug|Any CPU
		{10A6B480-D0A5-4D62-AED1-4F32FB3E5172}.Debug|Any CPU.Build.0 = Debug|Any CPU
		{10A6B480-D0A5-4D62-AED1-4F32FB3E5172}.Release|Any CPU.ActiveCfg = Release|Any CPU
		{10A6B480-D0A5-4D62-AED1-4F32FB3E5172}.Release|Any CPU.Build.0 = Release|Any CPU
		{98E82720-7E76-46AB-BCAB-FA9F698B30C8}.Debug|Any CPU.ActiveCfg = Debug|Any CPU
		{98E82720-7E76-46AB-BCAB-FA9F698B30C8}.Debug|Any CPU.Build.0 = Debug|Any CPU
		{98E82720-7E76-46AB-BCAB-FA9F698B30C8}.Release|Any CPU.ActiveCfg = Release|Any CPU
		{98E82720-7E76-46AB-BCAB-FA9F698B30C8}.Release|Any CPU.Build.0 = Release|Any CPU
		{A20068DA-F318-4DB2-B991-7E1D3324E78F}.Debug|Any CPU.ActiveCfg = Debug|Any CPU
		{A20068DA-F318-4DB2-B991-7E1D3324E78F}.Debug|Any CPU.Build.0 = Debug|Any CPU
		{A20068DA-F318-4DB2-B991-7E1D3324E78F}.Release|Any CPU.ActiveCfg = Release|Any CPU
		{A20068DA-F318-4DB2-B991-7E1D3324E78F}.Release|Any CPU.Build.0 = Release|Any CPU
	EndGlobalSection
	GlobalSection(SolutionProperties) = preSolution
		HideSolutionNode = FALSE
	EndGlobalSection
	GlobalSection(ExtensibilityGlobals) = postSolution
		SolutionGuid = {8C2C9B42-288E-4700-9FB1-6C7EFF02D3DA}
	EndGlobalSection
EndGlobal
