
Microsoft Visual Studio Solution File, Format Version 12.00
# Visual Studio 15
VisualStudioVersion = 15.0.27703.2026
MinimumVisualStudioVersion = 10.0.40219.1
Project("{FAE04EC0-301F-11D3-BF4B-00C04F79EFBC}") = "RazorHtmlEmails.AspNetCore", "RazorHtmlEmails.AspNetCore\RazorHtmlEmails.AspNetCore.csproj", "{47CAE758-0113-4D48-AB00-9BE33CD7164C}"
EndProject
Global
	GlobalSection(SolutionConfigurationPlatforms) = preSolution
		Debug|Any CPU = Debug|Any CPU
		Release|Any CPU = Release|Any CPU
	EndGlobalSection
	GlobalSection(ProjectConfigurationPlatforms) = postSolution
		{47CAE758-0113-4D48-AB00-9BE33CD7164C}.Debug|Any CPU.ActiveCfg = Debug|Any CPU
		{47CAE758-0113-4D48-AB00-9BE33CD7164C}.Debug|Any CPU.Build.0 = Debug|Any CPU
		{47CAE758-0113-4D48-AB00-9BE33CD7164C}.Release|Any CPU.ActiveCfg = Release|Any CPU
		{47CAE758-0113-4D48-AB00-9BE33CD7164C}.Release|Any CPU.Build.0 = Release|Any CPU
	EndGlobalSection
	GlobalSection(SolutionProperties) = preSolution
		HideSolutionNode = FALSE
	EndGlobalSection
	GlobalSection(ExtensibilityGlobals) = postSolution
		SolutionGuid = {8C2C9B42-288E-4700-9FB1-6C7EFF02D3DA}
	EndGlobalSection
EndGlobal
